
Microsoft Visual Studio Solution File, Format Version 12.00
# Visual Studio Version 17
VisualStudioVersion = 17.0.31903.59
MinimumVisualStudioVersion = 10.0.40219.1
Project("{FAE04EC0-301F-11D3-BF4B-00C04F79EFBC}") = "ProjectoLP1", "ProjectoLP1\ProjectoLP1.csproj", "{02F32D24-DF54-4FE2-9E6F-5701629105CD}"
EndProject
Global
	GlobalSection(SolutionConfigurationPlatforms) = preSolution
		Debug|Any CPU = Debug|Any CPU
		Release|Any CPU = Release|Any CPU
	EndGlobalSection
	GlobalSection(SolutionProperties) = preSolution
		HideSolutionNode = FALSE
	EndGlobalSection
	GlobalSection(ProjectConfigurationPlatforms) = postSolution
		{02F32D24-DF54-4FE2-9E6F-5701629105CD}.Debug|Any CPU.ActiveCfg = Debug|Any CPU
		{02F32D24-DF54-4FE2-9E6F-5701629105CD}.Debug|Any CPU.Build.0 = Debug|Any CPU
		{02F32D24-DF54-4FE2-9E6F-5701629105CD}.Release|Any CPU.ActiveCfg = Release|Any CPU
		{02F32D24-DF54-4FE2-9E6F-5701629105CD}.Release|Any CPU.Build.0 = Release|Any CPU
	EndGlobalSection
EndGlobal
